
Microsoft Visual Studio Solution File, Format Version 12.00
# Visual Studio 15
VisualStudioVersion = 15.0.28307.106
MinimumVisualStudioVersion = 10.0.40219.1
Project("{FAE04EC0-301F-11D3-BF4B-00C04F79EFBC}") = "RestSharpDemo", "RestSharpDemo\RestSharpDemo.csproj", "{21222C32-204B-4682-8FD4-F52B04F119F4}"
EndProject
Global
	GlobalSection(SolutionConfigurationPlatforms) = preSolution
		Debug|Any CPU = Debug|Any CPU
		Release|Any CPU = Release|Any CPU
	EndGlobalSection
	GlobalSection(ProjectConfigurationPlatforms) = postSolution
		{21222C32-204B-4682-8FD4-F52B04F119F4}.Debug|Any CPU.ActiveCfg = Debug|Any CPU
		{21222C32-204B-4682-8FD4-F52B04F119F4}.Debug|Any CPU.Build.0 = Debug|Any CPU
		{21222C32-204B-4682-8FD4-F52B04F119F4}.Release|Any CPU.ActiveCfg = Release|Any CPU
		{21222C32-204B-4682-8FD4-F52B04F119F4}.Release|Any CPU.Build.0 = Release|Any CPU
	EndGlobalSection
	GlobalSection(SolutionProperties) = preSolution
		HideSolutionNode = FALSE
	EndGlobalSection
	GlobalSection(ExtensibilityGlobals) = postSolution
		SolutionGuid = {FF0B1750-7215-47C8-BCD4-0CE5D8FE0738}
	EndGlobalSection
EndGlobal
